{
    "version": 3,
    "terraform_version": "0.11.13",
    "serial": 73,
    "lineage": "107349e0-188a-d318-f290-25ac8e7d3b84",
    "modules": [
        {
            "path": [
                "root"
            ],
            "outputs": {},
            "resources": {
                "azurerm_network_interface.myterraformnic": {
                    "type": "azurerm_network_interface",
                    "depends_on": [
                        "azurerm_network_security_group.myterraformnsg",
                        "azurerm_public_ip.myterraformpublicip",
                        "azurerm_resource_group.myterraformgroup",
                        "azurerm_subnet.myterraformsubnet"
                    ],
                    "primary": {
                        "id": "/subscriptions/52cb414a-31bb-4475-a4b1-4c39bfa97639/resourceGroups/myResourceGroup/providers/Microsoft.Network/networkInterfaces/myNIC",
                        "attributes": {
                            "applied_dns_servers.#": "0",
                            "dns_servers.#": "0",
                            "enable_accelerated_networking": "false",
                            "enable_ip_forwarding": "false",
                            "id": "/subscriptions/52cb414a-31bb-4475-a4b1-4c39bfa97639/resourceGroups/myResourceGroup/providers/Microsoft.Network/networkInterfaces/myNIC",
                            "internal_dns_name_label": "",
                            "internal_fqdn": "",
                            "ip_configuration.#": "1",
                            "ip_configuration.0.application_gateway_backend_address_pools_ids.#": "0",
                            "ip_configuration.0.application_security_group_ids.#": "0",
                            "ip_configuration.0.load_balancer_backend_address_pools_ids.#": "0",
                            "ip_configuration.0.load_balancer_inbound_nat_rules_ids.#": "0",
                            "ip_configuration.0.name": "myNicConfiguration",
                            "ip_configuration.0.primary": "true",
                            "ip_configuration.0.private_ip_address": "",
                            "ip_configuration.0.private_ip_address_allocation": "dynamic",
                            "ip_configuration.0.private_ip_address_version": "IPv4",
                            "ip_configuration.0.public_ip_address_id": "/subscriptions/52cb414a-31bb-4475-a4b1-4c39bfa97639/resourceGroups/myResourceGroup/providers/Microsoft.Network/publicIPAddresses/myPublicIP",
                            "ip_configuration.0.subnet_id": "/subscriptions/52cb414a-31bb-4475-a4b1-4c39bfa97639/resourceGroups/myResourceGroup/providers/Microsoft.Network/virtualNetworks/myVnet/subnets/mySubnet",
                            "location": "eastus",
                            "mac_address": "",
                            "name": "myNIC",
                            "network_security_group_id": "/subscriptions/52cb414a-31bb-4475-a4b1-4c39bfa97639/resourceGroups/myResourceGroup/providers/Microsoft.Network/networkSecurityGroups/myNetworkSecurityGroup",
                            "private_ip_address": "10.0.1.4",
                            "private_ip_addresses.#": "1",
                            "private_ip_addresses.0": "10.0.1.4",
                            "resource_group_name": "myResourceGroup",
                            "tags.%": "1",
                            "tags.environment": "Terraform Azure"
                        },
                        "meta": {},
                        "tainted": false
                    },
                    "deposed": [],
                    "provider": "provider.azurerm"
                },
                "azurerm_network_interface.myterraformnic2": {
                    "type": "azurerm_network_interface",
                    "depends_on": [
                        "azurerm_network_security_group.myterraformnsg",
                        "azurerm_public_ip.myterraformpublicip2",
                        "azurerm_resource_group.myterraformgroup",
                        "azurerm_subnet.myterraformsubnet"
                    ],
                    "primary": {
                        "id": "/subscriptions/52cb414a-31bb-4475-a4b1-4c39bfa97639/resourceGroups/myResourceGroup/providers/Microsoft.Network/networkInterfaces/myNIC2",
                        "attributes": {
                            "applied_dns_servers.#": "0",
                            "dns_servers.#": "0",
                            "enable_accelerated_networking": "false",
                            "enable_ip_forwarding": "false",
                            "id": "/subscriptions/52cb414a-31bb-4475-a4b1-4c39bfa97639/resourceGroups/myResourceGroup/providers/Microsoft.Network/networkInterfaces/myNIC2",
                            "internal_dns_name_label": "",
                            "internal_fqdn": "",
                            "ip_configuration.#": "1",
                            "ip_configuration.0.application_gateway_backend_address_pools_ids.#": "0",
                            "ip_configuration.0.application_security_group_ids.#": "0",
                            "ip_configuration.0.load_balancer_backend_address_pools_ids.#": "0",
                            "ip_configuration.0.load_balancer_inbound_nat_rules_ids.#": "0",
                            "ip_configuration.0.name": "myNicConfiguration2",
                            "ip_configuration.0.primary": "true",
                            "ip_configuration.0.private_ip_address": "",
                            "ip_configuration.0.private_ip_address_allocation": "dynamic",
                            "ip_configuration.0.private_ip_address_version": "IPv4",
                            "ip_configuration.0.public_ip_address_id": "/subscriptions/52cb414a-31bb-4475-a4b1-4c39bfa97639/resourceGroups/myResourceGroup/providers/Microsoft.Network/publicIPAddresses/myPublicIP2",
                            "ip_configuration.0.subnet_id": "/subscriptions/52cb414a-31bb-4475-a4b1-4c39bfa97639/resourceGroups/myResourceGroup/providers/Microsoft.Network/virtualNetworks/myVnet/subnets/mySubnet",
                            "location": "eastus",
                            "mac_address": "",
                            "name": "myNIC2",
                            "network_security_group_id": "/subscriptions/52cb414a-31bb-4475-a4b1-4c39bfa97639/resourceGroups/myResourceGroup/providers/Microsoft.Network/networkSecurityGroups/myNetworkSecurityGroup",
                            "private_ip_address": "10.0.1.5",
                            "private_ip_addresses.#": "1",
                            "private_ip_addresses.0": "10.0.1.5",
                            "resource_group_name": "myResourceGroup",
                            "tags.%": "1",
                            "tags.environment": "Terraform Azure"
                        },
                        "meta": {},
                        "tainted": false
                    },
                    "deposed": [],
                    "provider": "provider.azurerm"
                },
                "azurerm_network_security_group.myterraformnsg": {
                    "type": "azurerm_network_security_group",
                    "depends_on": [
                        "azurerm_resource_group.myterraformgroup"
                    ],
                    "primary": {
                        "id": "/subscriptions/52cb414a-31bb-4475-a4b1-4c39bfa97639/resourceGroups/myResourceGroup/providers/Microsoft.Network/networkSecurityGroups/myNetworkSecurityGroup",
                        "attributes": {
                            "id": "/subscriptions/52cb414a-31bb-4475-a4b1-4c39bfa97639/resourceGroups/myResourceGroup/providers/Microsoft.Network/networkSecurityGroups/myNetworkSecurityGroup",
                            "location": "eastus",
                            "name": "myNetworkSecurityGroup",
                            "resource_group_name": "myResourceGroup",
                            "security_rule.#": "1",
                            "security_rule.2090309246.access": "Allow",
                            "security_rule.2090309246.description": "",
                            "security_rule.2090309246.destination_address_prefix": "*",
                            "security_rule.2090309246.destination_address_prefixes.#": "0",
                            "security_rule.2090309246.destination_application_security_group_ids.#": "0",
                            "security_rule.2090309246.destination_port_range": "22",
                            "security_rule.2090309246.destination_port_ranges.#": "0",
                            "security_rule.2090309246.direction": "Inbound",
                            "security_rule.2090309246.name": "SSH",
                            "security_rule.2090309246.priority": "1001",
                            "security_rule.2090309246.protocol": "Tcp",
                            "security_rule.2090309246.source_address_prefix": "*",
                            "security_rule.2090309246.source_address_prefixes.#": "0",
                            "security_rule.2090309246.source_application_security_group_ids.#": "0",
                            "security_rule.2090309246.source_port_range": "*",
                            "security_rule.2090309246.source_port_ranges.#": "0",
                            "tags.%": "1",
                            "tags.environment": "Terraform Azure"
                        },
                        "meta": {},
                        "tainted": false
                    },
                    "deposed": [],
                    "provider": "provider.azurerm"
                },
                "azurerm_public_ip.myterraformpublicip": {
                    "type": "azurerm_public_ip",
                    "depends_on": [
                        "azurerm_resource_group.myterraformgroup"
                    ],
                    "primary": {
                        "id": "/subscriptions/52cb414a-31bb-4475-a4b1-4c39bfa97639/resourceGroups/myResourceGroup/providers/Microsoft.Network/publicIPAddresses/myPublicIP",
                        "attributes": {
                            "allocation_method": "Static",
                            "id": "/subscriptions/52cb414a-31bb-4475-a4b1-4c39bfa97639/resourceGroups/myResourceGroup/providers/Microsoft.Network/publicIPAddresses/myPublicIP",
                            "idle_timeout_in_minutes": "4",
                            "ip_address": "168.62.184.193",
                            "ip_version": "IPv4",
                            "location": "eastus",
                            "name": "myPublicIP",
                            "public_ip_address_allocation": "Static",
                            "resource_group_name": "myResourceGroup",
                            "sku": "Basic",
                            "tags.%": "1",
                            "tags.environment": "Terraform Azure",
                            "zones.#": "0"
                        },
                        "meta": {},
                        "tainted": false
                    },
                    "deposed": [],
                    "provider": "provider.azurerm"
                },
                "azurerm_public_ip.myterraformpublicip2": {
                    "type": "azurerm_public_ip",
                    "depends_on": [
                        "azurerm_resource_group.myterraformgroup"
                    ],
                    "primary": {
                        "id": "/subscriptions/52cb414a-31bb-4475-a4b1-4c39bfa97639/resourceGroups/myResourceGroup/providers/Microsoft.Network/publicIPAddresses/myPublicIP2",
                        "attributes": {
                            "allocation_method": "Static",
                            "id": "/subscriptions/52cb414a-31bb-4475-a4b1-4c39bfa97639/resourceGroups/myResourceGroup/providers/Microsoft.Network/publicIPAddresses/myPublicIP2",
                            "idle_timeout_in_minutes": "4",
                            "ip_address": "168.62.186.175",
                            "ip_version": "IPv4",
                            "location": "eastus",
                            "name": "myPublicIP2",
                            "public_ip_address_allocation": "Static",
                            "resource_group_name": "myResourceGroup",
                            "sku": "Basic",
                            "tags.%": "1",
                            "tags.environment": "Terraform Azure",
                            "zones.#": "0"
                        },
                        "meta": {},
                        "tainted": false
                    },
                    "deposed": [],
                    "provider": "provider.azurerm"
                },
                "azurerm_resource_group.myterraformgroup": {
                    "type": "azurerm_resource_group",
                    "depends_on": [],
                    "primary": {
                        "id": "/subscriptions/52cb414a-31bb-4475-a4b1-4c39bfa97639/resourceGroups/myResourceGroup",
                        "attributes": {
                            "id": "/subscriptions/52cb414a-31bb-4475-a4b1-4c39bfa97639/resourceGroups/myResourceGroup",
                            "location": "eastus",
                            "name": "myResourceGroup",
                            "tags.%": "1",
                            "tags.environment": "Terraform Azure"
                        },
                        "meta": {},
                        "tainted": false
                    },
                    "deposed": [],
                    "provider": "provider.azurerm"
                },
                "azurerm_storage_account.mystorageaccount": {
                    "type": "azurerm_storage_account",
                    "depends_on": [
                        "azurerm_resource_group.myterraformgroup"
                    ],
                    "primary": {
                        "id": "/subscriptions/52cb414a-31bb-4475-a4b1-4c39bfa97639/resourceGroups/myResourceGroup/providers/Microsoft.Storage/storageAccounts/diagrandom1",
                        "attributes": {
                            "access_tier": "",
                            "account_encryption_source": "Microsoft.Storage",
                            "account_kind": "Storage",
                            "account_replication_type": "LRS",
                            "account_tier": "Standard",
                            "account_type": "Standard_LRS",
                            "enable_blob_encryption": "true",
                            "enable_file_encryption": "true",
                            "enable_https_traffic_only": "false",
                            "id": "/subscriptions/52cb414a-31bb-4475-a4b1-4c39bfa97639/resourceGroups/myResourceGroup/providers/Microsoft.Storage/storageAccounts/diagrandom1",
                            "identity.#": "0",
                            "is_hns_enabled": "false",
                            "location": "eastus",
                            "name": "diagrandom1",
                            "network_rules.#": "0",
                            "primary_access_key": "N/lGjetGUK82iWuA9LRoyPlXv3XEU9rVJGbt4s7JVdCvqt9fCQUjf+OCuP5oH0DqaGhbI1HG/kILEINPxZIQEw==",
                            "primary_blob_connection_string": "DefaultEndpointsProtocol=https;BlobEndpoint=https://diagrandom1.blob.core.windows.net/;AccountName=diagrandom1;AccountKey=N/lGjetGUK82iWuA9LRoyPlXv3XEU9rVJGbt4s7JVdCvqt9fCQUjf+OCuP5oH0DqaGhbI1HG/kILEINPxZIQEw==",
                            "primary_blob_endpoint": "https://diagrandom1.blob.core.windows.net/",
                            "primary_blob_host": "diagrandom1.blob.core.windows.net",
                            "primary_connection_string": "DefaultEndpointsProtocol=https;AccountName=diagrandom1;AccountKey=N/lGjetGUK82iWuA9LRoyPlXv3XEU9rVJGbt4s7JVdCvqt9fCQUjf+OCuP5oH0DqaGhbI1HG/kILEINPxZIQEw==;EndpointSuffix=core.windows.net",
                            "primary_dfs_endpoint": "",
                            "primary_dfs_host": "",
                            "primary_file_endpoint": "https://diagrandom1.file.core.windows.net/",
                            "primary_file_host": "diagrandom1.file.core.windows.net",
                            "primary_location": "eastus",
                            "primary_queue_endpoint": "https://diagrandom1.queue.core.windows.net/",
                            "primary_queue_host": "diagrandom1.queue.core.windows.net",
                            "primary_table_endpoint": "https://diagrandom1.table.core.windows.net/",
                            "primary_table_host": "diagrandom1.table.core.windows.net",
                            "primary_web_endpoint": "",
                            "primary_web_host": "",
                            "resource_group_name": "myResourceGroup",
                            "secondary_access_key": "3JcTwMMt8VLQgtRm20/WQiiXMlOw9SQGPzi2iFHozFih9S/PCtHRIelJMW0qGIQVu6ooXDMOLb3buLOJ0574WA==",
                            "secondary_blob_connection_string": "",
                            "secondary_connection_string": "DefaultEndpointsProtocol=https;AccountName=diagrandom1;AccountKey=3JcTwMMt8VLQgtRm20/WQiiXMlOw9SQGPzi2iFHozFih9S/PCtHRIelJMW0qGIQVu6ooXDMOLb3buLOJ0574WA==;EndpointSuffix=core.windows.net",
                            "secondary_location": "",
                            "tags.%": "1",
                            "tags.environment": "Terraform Azure"
                        },
                        "meta": {
                            "schema_version": "2"
                        },
                        "tainted": false
                    },
                    "deposed": [],
                    "provider": "provider.azurerm"
                },
                "azurerm_subnet.myterraformsubnet": {
                    "type": "azurerm_subnet",
                    "depends_on": [
                        "azurerm_resource_group.myterraformgroup",
                        "azurerm_virtual_network.myterraformnetwork"
                    ],
                    "primary": {
                        "id": "/subscriptions/52cb414a-31bb-4475-a4b1-4c39bfa97639/resourceGroups/myResourceGroup/providers/Microsoft.Network/virtualNetworks/myVnet/subnets/mySubnet",
                        "attributes": {
                            "address_prefix": "10.0.1.0/24",
                            "delegation.#": "0",
                            "id": "/subscriptions/52cb414a-31bb-4475-a4b1-4c39bfa97639/resourceGroups/myResourceGroup/providers/Microsoft.Network/virtualNetworks/myVnet/subnets/mySubnet",
                            "ip_configurations.#": "0",
                            "name": "mySubnet",
                            "network_security_group_id": "",
                            "resource_group_name": "myResourceGroup",
                            "route_table_id": "",
                            "service_endpoints.#": "0",
                            "virtual_network_name": "myVnet"
                        },
                        "meta": {},
                        "tainted": false
                    },
                    "deposed": [],
                    "provider": "provider.azurerm"
                },
                "azurerm_virtual_machine.myterraformvm": {
                    "type": "azurerm_virtual_machine",
                    "depends_on": [
                        "azurerm_network_interface.myterraformnic",
                        "azurerm_resource_group.myterraformgroup",
                        "azurerm_storage_account.mystorageaccount"
                    ],
                    "primary": {
                        "id": "/subscriptions/52cb414a-31bb-4475-a4b1-4c39bfa97639/resourceGroups/myResourceGroup/providers/Microsoft.Compute/virtualMachines/myVM",
                        "attributes": {
                            "boot_diagnostics.#": "1",
                            "boot_diagnostics.0.enabled": "true",
                            "boot_diagnostics.0.storage_uri": "https://diagrandom1.blob.core.windows.net/",
                            "delete_data_disks_on_termination": "false",
                            "delete_os_disk_on_termination": "false",
                            "id": "/subscriptions/52cb414a-31bb-4475-a4b1-4c39bfa97639/resourceGroups/myResourceGroup/providers/Microsoft.Compute/virtualMachines/myVM",
                            "identity.#": "0",
                            "location": "eastus",
                            "name": "myVM",
                            "network_interface_ids.#": "1",
                            "network_interface_ids.0": "/subscriptions/52cb414a-31bb-4475-a4b1-4c39bfa97639/resourceGroups/myResourceGroup/providers/Microsoft.Network/networkInterfaces/myNIC",
                            "os_profile.#": "1",
                            "os_profile.1770182618.admin_password": "",
                            "os_profile.1770182618.admin_username": "azureuser",
                            "os_profile.1770182618.computer_name": "myvm",
                            "os_profile.1770182618.custom_data": "",
                            "os_profile_linux_config.#": "1",
                            "os_profile_linux_config.69840937.disable_password_authentication": "true",
                            "os_profile_linux_config.69840937.ssh_keys.#": "1",
                            "os_profile_linux_config.69840937.ssh_keys.0.key_data": "ssh-rsa AAAAB3NzaC1yc2EAAAADAQABAAABAQDBhO21X5UKlGjlkL5owhlmWqwEgQ2pEqDxkzrwSUNNksenGuSnowyEJb/DwLvXpQBW8DcjB79izH49W2NhYG4BsdQSfPBymjWLYz9kXD7jemBzX8uGHAa2sOYrhphPw3F4VhyAtimESHXCVE8TLY1D/cK4Mx+E+5Hi3thZwW/oy0OMzzMmeRfMYJVb8OqgZ0WZG4vrjqwkjkpDi50t9zpA5sB1yV3MkBgG+sDAYXMVYjLs4t/Wcb6+eLNW1O9KTJkX2i6p2CmiKykvYDD68jqdsnoJYhqU2MyaitqUgfDpYWXLgo92waCrQJ7HqIAKmhopgPCJK79vaIdoepk186Yh Gautham Shanmugam@DESKTOP-6A45J4J\n",
                            "os_profile_linux_config.69840937.ssh_keys.0.path": "/home/azureuser/.ssh/authorized_keys",
                            "os_profile_secrets.#": "0",
                            "os_profile_windows_config.#": "0",
                            "plan.#": "0",
                            "resource_group_name": "myResourceGroup",
                            "storage_data_disk.#": "0",
                            "storage_image_reference.#": "1",
                            "storage_image_reference.363552096.id": "",
                            "storage_image_reference.363552096.offer": "UbuntuServer",
                            "storage_image_reference.363552096.publisher": "Canonical",
                            "storage_image_reference.363552096.sku": "16.04.0-LTS",
                            "storage_image_reference.363552096.version": "latest",
                            "storage_os_disk.#": "1",
                            "storage_os_disk.0.caching": "ReadWrite",
                            "storage_os_disk.0.create_option": "FromImage",
                            "storage_os_disk.0.disk_size_gb": "30",
                            "storage_os_disk.0.image_uri": "",
                            "storage_os_disk.0.managed_disk_id": "/subscriptions/52cb414a-31bb-4475-a4b1-4c39bfa97639/resourceGroups/myResourceGroup/providers/Microsoft.Compute/disks/myOsDisk",
                            "storage_os_disk.0.managed_disk_type": "Premium_LRS",
                            "storage_os_disk.0.name": "myOsDisk",
                            "storage_os_disk.0.os_type": "Linux",
                            "storage_os_disk.0.vhd_uri": "",
                            "storage_os_disk.0.write_accelerator_enabled": "false",
                            "tags.%": "1",
                            "tags.environment": "Terraform Azure",
                            "vm_size": "Standard_DS1_v2",
                            "zones.#": "0"
                        },
                        "meta": {},
                        "tainted": false
                    },
                    "deposed": [],
                    "provider": "provider.azurerm"
                },
                "azurerm_virtual_machine.myterraformvm2": {
                    "type": "azurerm_virtual_machine",
                    "depends_on": [
                        "azurerm_network_interface.myterraformnic2",
                        "azurerm_resource_group.myterraformgroup",
                        "azurerm_storage_account.mystorageaccount"
                    ],
                    "primary": {
                        "id": "/subscriptions/52cb414a-31bb-4475-a4b1-4c39bfa97639/resourceGroups/myResourceGroup/providers/Microsoft.Compute/virtualMachines/myVM2",
                        "attributes": {
                            "boot_diagnostics.#": "1",
                            "boot_diagnostics.0.enabled": "true",
                            "boot_diagnostics.0.storage_uri": "https://diagrandom1.blob.core.windows.net/",
                            "delete_data_disks_on_termination": "false",
                            "delete_os_disk_on_termination": "false",
                            "id": "/subscriptions/52cb414a-31bb-4475-a4b1-4c39bfa97639/resourceGroups/myResourceGroup/providers/Microsoft.Compute/virtualMachines/myVM2",
                            "identity.#": "0",
                            "location": "eastus",
                            "name": "myVM2",
                            "network_interface_ids.#": "1",
                            "network_interface_ids.0": "/subscriptions/52cb414a-31bb-4475-a4b1-4c39bfa97639/resourceGroups/myResourceGroup/providers/Microsoft.Network/networkInterfaces/myNIC2",
                            "os_profile.#": "1",
                            "os_profile.1021838459.admin_password": "",
                            "os_profile.1021838459.admin_username": "azureuser",
                            "os_profile.1021838459.computer_name": "myvm2",
                            "os_profile.1021838459.custom_data": "",
                            "os_profile_linux_config.#": "1",
                            "os_profile_linux_config.69840937.disable_password_authentication": "true",
                            "os_profile_linux_config.69840937.ssh_keys.#": "1",
                            "os_profile_linux_config.69840937.ssh_keys.0.key_data": "ssh-rsa AAAAB3NzaC1yc2EAAAADAQABAAABAQDBhO21X5UKlGjlkL5owhlmWqwEgQ2pEqDxkzrwSUNNksenGuSnowyEJb/DwLvXpQBW8DcjB79izH49W2NhYG4BsdQSfPBymjWLYz9kXD7jemBzX8uGHAa2sOYrhphPw3F4VhyAtimESHXCVE8TLY1D/cK4Mx+E+5Hi3thZwW/oy0OMzzMmeRfMYJVb8OqgZ0WZG4vrjqwkjkpDi50t9zpA5sB1yV3MkBgG+sDAYXMVYjLs4t/Wcb6+eLNW1O9KTJkX2i6p2CmiKykvYDD68jqdsnoJYhqU2MyaitqUgfDpYWXLgo92waCrQJ7HqIAKmhopgPCJK79vaIdoepk186Yh Gautham Shanmugam@DESKTOP-6A45J4J\n",
                            "os_profile_linux_config.69840937.ssh_keys.0.path": "/home/azureuser/.ssh/authorized_keys",
                            "os_profile_secrets.#": "0",
                            "os_profile_windows_config.#": "0",
                            "plan.#": "0",
                            "resource_group_name": "myResourceGroup",
                            "storage_data_disk.#": "0",
                            "storage_image_reference.#": "1",
                            "storage_image_reference.1613381117.id": "",
                            "storage_image_reference.1613381117.offer": "RHEL",
                            "storage_image_reference.1613381117.publisher": "Redhat",
                            "storage_image_reference.1613381117.sku": "7-RAW",
                            "storage_image_reference.1613381117.version": "latest",
                            "storage_os_disk.#": "1",
                            "storage_os_disk.0.caching": "ReadWrite",
                            "storage_os_disk.0.create_option": "FromImage",
                            "storage_os_disk.0.disk_size_gb": "32",
                            "storage_os_disk.0.image_uri": "",
                            "storage_os_disk.0.managed_disk_id": "/subscriptions/52cb414a-31bb-4475-a4b1-4c39bfa97639/resourceGroups/myResourceGroup/providers/Microsoft.Compute/disks/myOsDisk2",
                            "storage_os_disk.0.managed_disk_type": "Premium_LRS",
                            "storage_os_disk.0.name": "myOsDisk2",
                            "storage_os_disk.0.os_type": "Linux",
                            "storage_os_disk.0.vhd_uri": "",
                            "storage_os_disk.0.write_accelerator_enabled": "false",
                            "tags.%": "1",
                            "tags.environment": "Terraform Azure",
                            "vm_size": "Standard_DS1_v2",
                            "zones.#": "0"
                        },
                        "meta": {},
                        "tainted": false
                    },
                    "deposed": [],
                    "provider": "provider.azurerm"
                },
                "azurerm_virtual_network.myterraformnetwork": {
                    "type": "azurerm_virtual_network",
                    "depends_on": [
                        "azurerm_resource_group.myterraformgroup"
                    ],
                    "primary": {
                        "id": "/subscriptions/52cb414a-31bb-4475-a4b1-4c39bfa97639/resourceGroups/myResourceGroup/providers/Microsoft.Network/virtualNetworks/myVnet",
                        "attributes": {
                            "address_space.#": "1",
                            "address_space.0": "10.0.0.0/16",
                            "ddos_protection_plan.#": "0",
                            "dns_servers.#": "0",
                            "id": "/subscriptions/52cb414a-31bb-4475-a4b1-4c39bfa97639/resourceGroups/myResourceGroup/providers/Microsoft.Network/virtualNetworks/myVnet",
                            "location": "eastus",
                            "name": "myVnet",
                            "resource_group_name": "myResourceGroup",
                            "subnet.#": "0",
                            "tags.%": "1",
                            "tags.environment": "Terraform Azure"
                        },
                        "meta": {},
                        "tainted": false
                    },
                    "deposed": [],
                    "provider": "provider.azurerm"
                },
                "null_resource.cluster": {
                    "type": "null_resource",
                    "depends_on": [
                        "azurerm_public_ip.myterraformpublicip",
                        "azurerm_virtual_machine.myterraformvm"
                    ],
                    "primary": {
                        "id": "5748715767099983288",
                        "attributes": {
                            "id": "5748715767099983288"
                        },
                        "meta": {},
                        "tainted": false
                    },
                    "deposed": [],
                    "provider": "provider.null"
                },
                "null_resource.cluster2": {
                    "type": "null_resource",
                    "depends_on": [
                        "azurerm_public_ip.myterraformpublicip2",
                        "azurerm_virtual_machine.myterraformvm2"
                    ],
                    "primary": {
                        "id": "4574802266067697353",
                        "attributes": {
                            "id": "4574802266067697353"
                        },
                        "meta": {},
                        "tainted": true
                    },
                    "deposed": [],
                    "provider": "provider.null"
                }
            },
            "depends_on": []
        }
    ]
}
