{
    "version": 3,
    "terraform_version": "0.11.13",
    "serial": 6,
    "lineage": "77b49dcf-6479-6489-99a0-9fde790f7f85",
    "modules": [
        {
            "path": [
                "root"
            ],
            "outputs": {},
            "resources": {
                "google_compute_firewall.ssh-server": {
                    "type": "google_compute_firewall",
                    "depends_on": [],
                    "primary": {
                        "id": "default-allow-ssh-1",
                        "attributes": {
                            "allow.#": "1",
                            "allow.803338340.ports.#": "1",
                            "allow.803338340.ports.0": "22",
                            "allow.803338340.protocol": "tcp",
                            "creation_timestamp": "2019-06-25T16:33:32.606-07:00",
                            "deny.#": "0",
                            "description": "",
                            "destination_ranges.#": "0",
                            "direction": "INGRESS",
                            "disabled": "false",
                            "id": "default-allow-ssh-1",
                            "name": "default-allow-ssh-1",
                            "network": "https://www.googleapis.com/compute/v1/projects/canvas-cursor-244720/global/networks/default",
                            "priority": "1000",
                            "project": "canvas-cursor-244720",
                            "self_link": "https://www.googleapis.com/compute/v1/projects/canvas-cursor-244720/global/firewalls/default-allow-ssh-1",
                            "source_ranges.#": "1",
                            "source_ranges.1080289494": "0.0.0.0/0",
                            "source_service_accounts.#": "0",
                            "source_tags.#": "0",
                            "target_service_accounts.#": "0",
                            "target_tags.#": "1",
                            "target_tags.1896955642": "ssh-server"
                        },
                        "meta": {
                            "e2bfb730-ecaa-11e6-8f88-34363bc7c4c0": {
                                "create": 240000000000,
                                "delete": 240000000000,
                                "update": 240000000000
                            },
                            "schema_version": "1"
                        },
                        "tainted": false
                    },
                    "deposed": [],
                    "provider": "provider.google"
                },
                "google_compute_instance.default": {
                    "type": "google_compute_instance",
                    "depends_on": [],
                    "primary": {
                        "id": "ssminstance-gcp-1",
                        "attributes": {
                            "attached_disk.#": "0",
                            "boot_disk.#": "1",
                            "boot_disk.0.auto_delete": "true",
                            "boot_disk.0.device_name": "persistent-disk-0",
                            "boot_disk.0.disk_encryption_key_raw": "",
                            "boot_disk.0.disk_encryption_key_sha256": "",
                            "boot_disk.0.initialize_params.#": "1",
                            "boot_disk.0.initialize_params.0.image": "https://www.googleapis.com/compute/v1/projects/ubuntu-os-cloud/global/images/ubuntu-1604-xenial-v20190617",
                            "boot_disk.0.initialize_params.0.size": "10",
                            "boot_disk.0.initialize_params.0.type": "pd-standard",
                            "boot_disk.0.kms_key_self_link": "",
                            "boot_disk.0.source": "https://www.googleapis.com/compute/v1/projects/canvas-cursor-244720/zones/us-west1-a/disks/ssminstance-gcp-1",
                            "can_ip_forward": "false",
                            "cpu_platform": "Intel Broadwell",
                            "deletion_protection": "false",
                            "guest_accelerator.#": "0",
                            "hostname": "",
                            "id": "ssminstance-gcp-1",
                            "instance_id": "3789402381356044706",
                            "label_fingerprint": "42WmSpB8rSM=",
                            "labels.%": "0",
                            "machine_type": "f1-micro",
                            "metadata.%": "1",
                            "metadata.sshKeys": "gcpuser:ssh-rsa AAAAB3NzaC1yc2EAAAADAQABAAABAQDBhO21X5UKlGjlkL5owhlmWqwEgQ2pEqDxkzrwSUNNksenGuSnowyEJb/DwLvXpQBW8DcjB79izH49W2NhYG4BsdQSfPBymjWLYz9kXD7jemBzX8uGHAa2sOYrhphPw3F4VhyAtimESHXCVE8TLY1D/cK4Mx+E+5Hi3thZwW/oy0OMzzMmeRfMYJVb8OqgZ0WZG4vrjqwkjkpDi50t9zpA5sB1yV3MkBgG+sDAYXMVYjLs4t/Wcb6+eLNW1O9KTJkX2i6p2CmiKykvYDD68jqdsnoJYhqU2MyaitqUgfDpYWXLgo92waCrQJ7HqIAKmhopgPCJK79vaIdoepk186Yh Gautham Shanmugam@DESKTOP-6A45J4J\n",
                            "metadata_fingerprint": "BU0w_9S8gAI=",
                            "metadata_startup_script": "",
                            "min_cpu_platform": "",
                            "name": "ssminstance-gcp-1",
                            "network_interface.#": "1",
                            "network_interface.0.access_config.#": "1",
                            "network_interface.0.access_config.0.assigned_nat_ip": "",
                            "network_interface.0.access_config.0.nat_ip": "34.83.132.217",
                            "network_interface.0.access_config.0.network_tier": "PREMIUM",
                            "network_interface.0.access_config.0.public_ptr_domain_name": "",
                            "network_interface.0.address": "",
                            "network_interface.0.alias_ip_range.#": "0",
                            "network_interface.0.name": "nic0",
                            "network_interface.0.network": "https://www.googleapis.com/compute/v1/projects/canvas-cursor-244720/global/networks/default",
                            "network_interface.0.network_ip": "10.138.0.21",
                            "network_interface.0.subnetwork": "https://www.googleapis.com/compute/v1/projects/canvas-cursor-244720/regions/us-west1/subnetworks/default",
                            "network_interface.0.subnetwork_project": "canvas-cursor-244720",
                            "project": "canvas-cursor-244720",
                            "scheduling.#": "1",
                            "scheduling.0.automatic_restart": "true",
                            "scheduling.0.node_affinities.#": "0",
                            "scheduling.0.on_host_maintenance": "MIGRATE",
                            "scheduling.0.preemptible": "false",
                            "scratch_disk.#": "0",
                            "self_link": "https://www.googleapis.com/compute/v1/projects/canvas-cursor-244720/zones/us-west1-a/instances/ssminstance-gcp-1",
                            "service_account.#": "0",
                            "shielded_instance_config.#": "0",
                            "tags.#": "1",
                            "tags.1896955642": "ssh-server",
                            "tags_fingerprint": "C1rDAq8yb_M=",
                            "zone": "us-west1-a"
                        },
                        "meta": {
                            "e2bfb730-ecaa-11e6-8f88-34363bc7c4c0": {
                                "create": 1200000000000,
                                "delete": 1200000000000,
                                "update": 1200000000000
                            },
                            "schema_version": "6"
                        },
                        "tainted": false
                    },
                    "deposed": [],
                    "provider": "provider.google"
                },
                "google_compute_instance.default2": {
                    "type": "google_compute_instance",
                    "depends_on": [],
                    "primary": {
                        "id": "ssminstance-gcp-2",
                        "attributes": {
                            "attached_disk.#": "0",
                            "boot_disk.#": "1",
                            "boot_disk.0.auto_delete": "true",
                            "boot_disk.0.device_name": "persistent-disk-0",
                            "boot_disk.0.disk_encryption_key_raw": "",
                            "boot_disk.0.disk_encryption_key_sha256": "",
                            "boot_disk.0.initialize_params.#": "1",
                            "boot_disk.0.initialize_params.0.image": "https://www.googleapis.com/compute/v1/projects/rhel-cloud/global/images/rhel-7-v20190618",
                            "boot_disk.0.initialize_params.0.size": "10",
                            "boot_disk.0.initialize_params.0.type": "pd-standard",
                            "boot_disk.0.kms_key_self_link": "",
                            "boot_disk.0.source": "https://www.googleapis.com/compute/v1/projects/canvas-cursor-244720/zones/us-west1-a/disks/ssminstance-gcp-2",
                            "can_ip_forward": "false",
                            "cpu_platform": "Intel Broadwell",
                            "deletion_protection": "false",
                            "guest_accelerator.#": "0",
                            "hostname": "",
                            "id": "ssminstance-gcp-2",
                            "instance_id": "5632632384353407394",
                            "label_fingerprint": "42WmSpB8rSM=",
                            "labels.%": "0",
                            "machine_type": "f1-micro",
                            "metadata.%": "1",
                            "metadata.sshKeys": "gcpuser:ssh-rsa AAAAB3NzaC1yc2EAAAADAQABAAABAQDBhO21X5UKlGjlkL5owhlmWqwEgQ2pEqDxkzrwSUNNksenGuSnowyEJb/DwLvXpQBW8DcjB79izH49W2NhYG4BsdQSfPBymjWLYz9kXD7jemBzX8uGHAa2sOYrhphPw3F4VhyAtimESHXCVE8TLY1D/cK4Mx+E+5Hi3thZwW/oy0OMzzMmeRfMYJVb8OqgZ0WZG4vrjqwkjkpDi50t9zpA5sB1yV3MkBgG+sDAYXMVYjLs4t/Wcb6+eLNW1O9KTJkX2i6p2CmiKykvYDD68jqdsnoJYhqU2MyaitqUgfDpYWXLgo92waCrQJ7HqIAKmhopgPCJK79vaIdoepk186Yh Gautham Shanmugam@DESKTOP-6A45J4J\n",
                            "metadata_fingerprint": "BU0w_9S8gAI=",
                            "metadata_startup_script": "",
                            "min_cpu_platform": "",
                            "name": "ssminstance-gcp-2",
                            "network_interface.#": "1",
                            "network_interface.0.access_config.#": "1",
                            "network_interface.0.access_config.0.assigned_nat_ip": "",
                            "network_interface.0.access_config.0.nat_ip": "34.83.53.252",
                            "network_interface.0.access_config.0.network_tier": "PREMIUM",
                            "network_interface.0.access_config.0.public_ptr_domain_name": "",
                            "network_interface.0.address": "",
                            "network_interface.0.alias_ip_range.#": "0",
                            "network_interface.0.name": "nic0",
                            "network_interface.0.network": "https://www.googleapis.com/compute/v1/projects/canvas-cursor-244720/global/networks/default",
                            "network_interface.0.network_ip": "10.138.0.22",
                            "network_interface.0.subnetwork": "https://www.googleapis.com/compute/v1/projects/canvas-cursor-244720/regions/us-west1/subnetworks/default",
                            "network_interface.0.subnetwork_project": "canvas-cursor-244720",
                            "project": "canvas-cursor-244720",
                            "scheduling.#": "1",
                            "scheduling.0.automatic_restart": "true",
                            "scheduling.0.node_affinities.#": "0",
                            "scheduling.0.on_host_maintenance": "MIGRATE",
                            "scheduling.0.preemptible": "false",
                            "scratch_disk.#": "0",
                            "self_link": "https://www.googleapis.com/compute/v1/projects/canvas-cursor-244720/zones/us-west1-a/instances/ssminstance-gcp-2",
                            "service_account.#": "0",
                            "shielded_instance_config.#": "0",
                            "tags.#": "1",
                            "tags.1896955642": "ssh-server",
                            "tags_fingerprint": "C1rDAq8yb_M=",
                            "zone": "us-west1-a"
                        },
                        "meta": {
                            "e2bfb730-ecaa-11e6-8f88-34363bc7c4c0": {
                                "create": 1200000000000,
                                "delete": 1200000000000,
                                "update": 1200000000000
                            },
                            "schema_version": "6"
                        },
                        "tainted": false
                    },
                    "deposed": [],
                    "provider": "provider.google"
                },
                "null_resource.cluster": {
                    "type": "null_resource",
                    "depends_on": [
                        "google_compute_instance.default"
                    ],
                    "primary": {
                        "id": "3019035019593823537",
                        "attributes": {
                            "id": "3019035019593823537"
                        },
                        "meta": {},
                        "tainted": false
                    },
                    "deposed": [],
                    "provider": "provider.null"
                },
                "null_resource.cluster2": {
                    "type": "null_resource",
                    "depends_on": [
                        "google_compute_instance.default2"
                    ],
                    "primary": {
                        "id": "8361705830744553780",
                        "attributes": {
                            "id": "8361705830744553780"
                        },
                        "meta": {},
                        "tainted": false
                    },
                    "deposed": [],
                    "provider": "provider.null"
                }
            },
            "depends_on": []
        }
    ]
}
